
Microsoft Visual Studio Solution File, Format Version 12.00
# Visual Studio 2013
VisualStudioVersion = 12.0.31101.0
MinimumVisualStudioVersion = 10.0.40219.1
Project("{FAE04EC0-301F-11D3-BF4B-00C04F79EFBC}") = "Cinema", "Cinema\Cinema.csproj", "{DF92DF66-C8DE-41C0-B736-B6567B1B43D4}"
EndProject
Global
	GlobalSection(SolutionConfigurationPlatforms) = preSolution
		Debug|Any CPU = Debug|Any CPU
		Release|Any CPU = Release|Any CPU
	EndGlobalSection
	GlobalSection(ProjectConfigurationPlatforms) = postSolution
		{DF92DF66-C8DE-41C0-B736-B6567B1B43D4}.Debug|Any CPU.ActiveCfg = Debug|Any CPU
		{DF92DF66-C8DE-41C0-B736-B6567B1B43D4}.Debug|Any CPU.Build.0 = Debug|Any CPU
		{DF92DF66-C8DE-41C0-B736-B6567B1B43D4}.Release|Any CPU.ActiveCfg = Release|Any CPU
		{DF92DF66-C8DE-41C0-B736-B6567B1B43D4}.Release|Any CPU.Build.0 = Release|Any CPU
	EndGlobalSection
	GlobalSection(SolutionProperties) = preSolution
		HideSolutionNode = FALSE
	EndGlobalSection
EndGlobal
